
Microsoft Visual Studio Solution File, Format Version 12.00
# Visual Studio 15
VisualStudioVersion = 15.0.27130.2027
MinimumVisualStudioVersion = 10.0.40219.1
Project("{FAE04EC0-301F-11D3-BF4B-00C04F79EFBC}") = "Service", "Service.csproj", "{96963144-C368-43F0-A07B-4CC255735856}"
EndProject
Global
	GlobalSection(SolutionConfigurationPlatforms) = preSolution
		Debug|Any CPU = Debug|Any CPU
		Release|Any CPU = Release|Any CPU
	EndGlobalSection
	GlobalSection(ProjectConfigurationPlatforms) = postSolution
		{96963144-C368-43F0-A07B-4CC255735856}.Debug|Any CPU.ActiveCfg = Debug|Any CPU
		{96963144-C368-43F0-A07B-4CC255735856}.Debug|Any CPU.Build.0 = Debug|Any CPU
		{96963144-C368-43F0-A07B-4CC255735856}.Release|Any CPU.ActiveCfg = Release|Any CPU
		{96963144-C368-43F0-A07B-4CC255735856}.Release|Any CPU.Build.0 = Release|Any CPU
	EndGlobalSection
	GlobalSection(SolutionProperties) = preSolution
		HideSolutionNode = FALSE
	EndGlobalSection
	GlobalSection(ExtensibilityGlobals) = postSolution
		SolutionGuid = {61899C4D-D5FE-4044-8A43-3515748CEE15}
	EndGlobalSection
EndGlobal
