
Microsoft Visual Studio Solution File, Format Version 12.00
# Visual Studio 15
VisualStudioVersion = 15.0.27130.2027
MinimumVisualStudioVersion = 10.0.40219.1
Project("{FAE04EC0-301F-11D3-BF4B-00C04F79EFBC}") = "RestAndSoapWSLabClientMonitoring", "RestAndSoapWSLabClientMonitoring\RestAndSoapWSLabClientMonitoring.csproj", "{29852F41-E43B-4FF7-B581-B7034E5F6AC5}"
EndProject
Global
	GlobalSection(SolutionConfigurationPlatforms) = preSolution
		Debug|Any CPU = Debug|Any CPU
		Release|Any CPU = Release|Any CPU
	EndGlobalSection
	GlobalSection(ProjectConfigurationPlatforms) = postSolution
		{29852F41-E43B-4FF7-B581-B7034E5F6AC5}.Debug|Any CPU.ActiveCfg = Debug|Any CPU
		{29852F41-E43B-4FF7-B581-B7034E5F6AC5}.Debug|Any CPU.Build.0 = Debug|Any CPU
		{29852F41-E43B-4FF7-B581-B7034E5F6AC5}.Release|Any CPU.ActiveCfg = Release|Any CPU
		{29852F41-E43B-4FF7-B581-B7034E5F6AC5}.Release|Any CPU.Build.0 = Release|Any CPU
	EndGlobalSection
	GlobalSection(SolutionProperties) = preSolution
		HideSolutionNode = FALSE
	EndGlobalSection
	GlobalSection(ExtensibilityGlobals) = postSolution
		SolutionGuid = {39EB6DD5-7560-4364-A8E4-93ECC3385431}
	EndGlobalSection
EndGlobal
